
Microsoft Visual Studio Solution File, Format Version 12.00
# Visual Studio 15
Project("{FAE04EC0-301F-11D3-BF4B-00C04F79EFBC}") = "EthiopianCalendarLib", "EthiopianCalendarLib\EthiopianCalendarLib.csproj", "{085833C0-EE7F-49D6-BC06-F93403BBE566}"
EndProject
Global
	GlobalSection(SolutionConfigurationPlatforms) = preSolution
		Debug|Any CPU = Debug|Any CPU
		Release|Any CPU = Release|Any CPU
	EndGlobalSection
	GlobalSection(ProjectConfigurationPlatforms) = postSolution
		{085833C0-EE7F-49D6-BC06-F93403BBE566}.Debug|Any CPU.ActiveCfg = Debug|Any CPU
		{085833C0-EE7F-49D6-BC06-F93403BBE566}.Debug|Any CPU.Build.0 = Debug|Any CPU
		{085833C0-EE7F-49D6-BC06-F93403BBE566}.Release|Any CPU.ActiveCfg = Release|Any CPU
		{085833C0-EE7F-49D6-BC06-F93403BBE566}.Release|Any CPU.Build.0 = Release|Any CPU
	EndGlobalSection
EndGlobal
